
Microsoft Visual Studio Solution File, Format Version 12.00
# Visual Studio Version 17
VisualStudioVersion = 17.5.002.0
MinimumVisualStudioVersion = 10.0.40219.1
Project("{9A19103F-16F7-4668-BE54-9A1E7A4F7556}") = "ContainerTracker", "ContainerTracker.csproj", "{7215041D-AB23-46A0-B042-7BE5AD021938}"
EndProject
Global
	GlobalSection(SolutionConfigurationPlatforms) = preSolution
		Debug|Any CPU = Debug|Any CPU
		Release|Any CPU = Release|Any CPU
	EndGlobalSection
	GlobalSection(ProjectConfigurationPlatforms) = postSolution
		{7215041D-AB23-46A0-B042-7BE5AD021938}.Debug|Any CPU.ActiveCfg = Debug|Any CPU
		{7215041D-AB23-46A0-B042-7BE5AD021938}.Debug|Any CPU.Build.0 = Debug|Any CPU
		{7215041D-AB23-46A0-B042-7BE5AD021938}.Release|Any CPU.ActiveCfg = Release|Any CPU
		{7215041D-AB23-46A0-B042-7BE5AD021938}.Release|Any CPU.Build.0 = Release|Any CPU
	EndGlobalSection
	GlobalSection(SolutionProperties) = preSolution
		HideSolutionNode = FALSE
	EndGlobalSection
	GlobalSection(ExtensibilityGlobals) = postSolution
		SolutionGuid = {5A581823-5BC7-4781-AF48-E4177236E928}
	EndGlobalSection
EndGlobal
